Microsoft Visual Studio Solution File, Format Version 12.00
# Visual Studio Version 17
VisualStudioVersion = 17.5.2.0
MinimumVisualStudioVersion = 10.0.40219.1
Project("{FAE04EC0-301F-11D3-BF4B-00C04F79EFBC}") = "guid-maker-net", "guid-maker-net\guid-maker-net.csproj", "{2C53FE0E-4D9A-5684-CD05-DFAB869E7EBD}"
EndProject
Global
	GlobalSection(SolutionConfigurationPlatforms) = preSolution
		Debug|Any CPU = Debug|Any CPU
		Release|Any CPU = Release|Any CPU
	EndGlobalSection
	GlobalSection(ProjectConfigurationPlatforms) = postSolution
		{2C53FE0E-4D9A-5684-CD05-DFAB869E7EBD}.Debug|Any CPU.ActiveCfg = Debug|Any CPU
		{2C53FE0E-4D9A-5684-CD05-DFAB869E7EBD}.Debug|Any CPU.Build.0 = Debug|Any CPU
		{2C53FE0E-4D9A-5684-CD05-DFAB869E7EBD}.Release|Any CPU.ActiveCfg = Release|Any CPU
		{2C53FE0E-4D9A-5684-CD05-DFAB869E7EBD}.Release|Any CPU.Build.0 = Release|Any CPU
	EndGlobalSection
	GlobalSection(SolutionProperties) = preSolution
		HideSolutionNode = FALSE
	EndGlobalSection
	GlobalSection(ExtensibilityGlobals) = postSolution
		SolutionGuid = {A356D10B-9292-4130-B006-402D1CC43F07}
	EndGlobalSection
EndGlobal
